
Microsoft Visual Studio Solution File, Format Version 12.00
# Visual Studio 15
VisualStudioVersion = 15.0.27703.2035
MinimumVisualStudioVersion = 10.0.40219.1
Project("{FAE04EC0-301F-11D3-BF4B-00C04F79EFBC}") = "XF.ControlesBasicosCorreto.Android", "XF.ControlesBasicosCorreto\XF.ControlesBasicosCorreto.Android\XF.ControlesBasicosCorreto.Android.csproj", "{79EC8F14-4021-4548-97C6-0F4754A8BE34}"
EndProject
Project("{FAE04EC0-301F-11D3-BF4B-00C04F79EFBC}") = "XF.ControlesBasicosCorreto.iOS", "XF.ControlesBasicosCorreto\XF.ControlesBasicosCorreto.iOS\XF.ControlesBasicosCorreto.iOS.csproj", "{13FC4F81-CCA8-4880-9F18-F627F006509D}"
EndProject
Project("{FAE04EC0-301F-11D3-BF4B-00C04F79EFBC}") = "XF.ControlesBasicosCorreto", "XF.ControlesBasicosCorreto\XF.ControlesBasicosCorreto\XF.ControlesBasicosCorreto.csproj", "{234B5CBB-7066-4AB4-AA34-2B2A4189C030}"
EndProject
Global
	GlobalSection(SolutionConfigurationPlatforms) = preSolution
		Ad-Hoc|Any CPU = Ad-Hoc|Any CPU
		Ad-Hoc|iPhone = Ad-Hoc|iPhone
		Ad-Hoc|iPhoneSimulator = Ad-Hoc|iPhoneSimulator
		AppStore|Any CPU = AppStore|Any CPU
		AppStore|iPhone = AppStore|iPhone
		AppStore|iPhoneSimulator = AppStore|iPhoneSimulator
		Debug|Any CPU = Debug|Any CPU
		Debug|iPhone = Debug|iPhone
		Debug|iPhoneSimulator = Debug|iPhoneSimulator
		Release|Any CPU = Release|Any CPU
		Release|iPhone = Release|iPhone
		Release|iPhoneSimulator = Release|iPhoneSimulator
	EndGlobalSection
	GlobalSection(ProjectConfigurationPlatforms) = postSolution
		{79EC8F14-4021-4548-97C6-0F4754A8BE34}.Ad-Hoc|Any CPU.ActiveCfg = Release|Any CPU
		{79EC8F14-4021-4548-97C6-0F4754A8BE34}.Ad-Hoc|Any CPU.Build.0 = Release|Any CPU
		{79EC8F14-4021-4548-97C6-0F4754A8BE34}.Ad-Hoc|Any CPU.Deploy.0 = Release|Any CPU
		{79EC8F14-4021-4548-97C6-0F4754A8BE34}.Ad-Hoc|iPhone.ActiveCfg = Release|Any CPU
		{79EC8F14-4021-4548-97C6-0F4754A8BE34}.Ad-Hoc|iPhone.Build.0 = Release|Any CPU
		{79EC8F14-4021-4548-97C6-0F4754A8BE34}.Ad-Hoc|iPhone.Deploy.0 = Release|Any CPU
		{79EC8F14-4021-4548-97C6-0F4754A8BE34}.Ad-Hoc|iPhoneSimulator.ActiveCfg = Release|Any CPU
		{79EC8F14-4021-4548-97C6-0F4754A8BE34}.Ad-Hoc|iPhoneSimulator.Build.0 = Release|Any CPU
		{79EC8F14-4021-4548-97C6-0F4754A8BE34}.Ad-Hoc|iPhoneSimulator.Deploy.0 = Release|Any CPU
		{79EC8F14-4021-4548-97C6-0F4754A8BE34}.AppStore|Any CPU.ActiveCfg = Release|Any CPU
		{79EC8F14-4021-4548-97C6-0F4754A8BE34}.AppStore|Any CPU.Build.0 = Release|Any CPU
		{79EC8F14-4021-4548-97C6-0F4754A8BE34}.AppStore|Any CPU.Deploy.0 = Release|Any CPU
		{79EC8F14-4021-4548-97C6-0F4754A8BE34}.AppStore|iPhone.ActiveCfg = Release|Any CPU
		{79EC8F14-4021-4548-97C6-0F4754A8BE34}.AppStore|iPhone.Build.0 = Release|Any CPU
		{79EC8F14-4021-4548-97C6-0F4754A8BE34}.AppStore|iPhone.Deploy.0 = Release|Any CPU
		{79EC8F14-4021-4548-97C6-0F4754A8BE34}.AppStore|iPhoneSimulator.ActiveCfg = Release|Any CPU
		{79EC8F14-4021-4548-97C6-0F4754A8BE34}.AppStore|iPhoneSimulator.Build.0 = Release|Any CPU
		{79EC8F14-4021-4548-97C6-0F4754A8BE34}.AppStore|iPhoneSimulator.Deploy.0 = Release|Any CPU
		{79EC8F14-4021-4548-97C6-0F4754A8BE34}.Debug|Any CPU.ActiveCfg = Debug|Any CPU
		{79EC8F14-4021-4548-97C6-0F4754A8BE34}.Debug|Any CPU.Build.0 = Debug|Any CPU
		{79EC8F14-4021-4548-97C6-0F4754A8BE34}.Debug|Any CPU.Deploy.0 = Debug|Any CPU
		{79EC8F14-4021-4548-97C6-0F4754A8BE34}.Debug|iPhone.ActiveCfg = Debug|Any CPU
		{79EC8F14-4021-4548-97C6-0F4754A8BE34}.Debug|iPhone.Build.0 = Debug|Any CPU
		{79EC8F14-4021-4548-97C6-0F4754A8BE34}.Debug|iPhone.Deploy.0 = Debug|Any CPU
		{79EC8F14-4021-4548-97C6-0F4754A8BE34}.Debug|iPhoneSimulator.ActiveCfg = Debug|Any CPU
		{79EC8F14-4021-4548-97C6-0F4754A8BE34}.Debug|iPhoneSimulator.Build.0 = Debug|Any CPU
		{79EC8F14-4021-4548-97C6-0F4754A8BE34}.Debug|iPhoneSimulator.Deploy.0 = Debug|Any CPU
		{79EC8F14-4021-4548-97C6-0F4754A8BE34}.Release|Any CPU.ActiveCfg = Release|Any CPU
		{79EC8F14-4021-4548-97C6-0F4754A8BE34}.Release|Any CPU.Build.0 = Release|Any CPU
		{79EC8F14-4021-4548-97C6-0F4754A8BE34}.Release|Any CPU.Deploy.0 = Release|Any CPU
		{79EC8F14-4021-4548-97C6-0F4754A8BE34}.Release|iPhone.ActiveCfg = Release|Any CPU
		{79EC8F14-4021-4548-97C6-0F4754A8BE34}.Release|iPhone.Build.0 = Release|Any CPU
		{79EC8F14-4021-4548-97C6-0F4754A8BE34}.Release|iPhone.Deploy.0 = Release|Any CPU
		{79EC8F14-4021-4548-97C6-0F4754A8BE34}.Release|iPhoneSimulator.ActiveCfg = Release|Any CPU
		{79EC8F14-4021-4548-97C6-0F4754A8BE34}.Release|iPhoneSimulator.Build.0 = Release|Any CPU
		{79EC8F14-4021-4548-97C6-0F4754A8BE34}.Release|iPhoneSimulator.Deploy.0 = Release|Any CPU
		{13FC4F81-CCA8-4880-9F18-F627F006509D}.Ad-Hoc|Any CPU.ActiveCfg = Ad-Hoc|iPhone
		{13FC4F81-CCA8-4880-9F18-F627F006509D}.Ad-Hoc|Any CPU.Build.0 = Ad-Hoc|iPhone
		{13FC4F81-CCA8-4880-9F18-F627F006509D}.Ad-Hoc|Any CPU.Deploy.0 = Ad-Hoc|iPhone
		{13FC4F81-CCA8-4880-9F18-F627F006509D}.Ad-Hoc|iPhone.ActiveCfg = Ad-Hoc|iPhone
		{13FC4F81-CCA8-4880-9F18-F627F006509D}.Ad-Hoc|iPhone.Build.0 = Ad-Hoc|iPhone
		{13FC4F81-CCA8-4880-9F18-F627F006509D}.Ad-Hoc|iPhone.Deploy.0 = Ad-Hoc|iPhone
		{13FC4F81-CCA8-4880-9F18-F627F006509D}.Ad-Hoc|iPhoneSimulator.ActiveCfg = Ad-Hoc|iPhoneSimulator
		{13FC4F81-CCA8-4880-9F18-F627F006509D}.Ad-Hoc|iPhoneSimulator.Build.0 = Ad-Hoc|iPhoneSimulator
		{13FC4F81-CCA8-4880-9F18-F627F006509D}.Ad-Hoc|iPhoneSimulator.Deploy.0 = Ad-Hoc|iPhoneSimulator
		{13FC4F81-CCA8-4880-9F18-F627F006509D}.AppStore|Any CPU.ActiveCfg = AppStore|iPhone
		{13FC4F81-CCA8-4880-9F18-F627F006509D}.AppStore|Any CPU.Build.0 = AppStore|iPhone
		{13FC4F81-CCA8-4880-9F18-F627F006509D}.AppStore|Any CPU.Deploy.0 = AppStore|iPhone
		{13FC4F81-CCA8-4880-9F18-F627F006509D}.AppStore|iPhone.ActiveCfg = AppStore|iPhone
		{13FC4F81-CCA8-4880-9F18-F627F006509D}.AppStore|iPhone.Build.0 = AppStore|iPhone
		{13FC4F81-CCA8-4880-9F18-F627F006509D}.AppStore|iPhone.Deploy.0 = AppStore|iPhone
		{13FC4F81-CCA8-4880-9F18-F627F006509D}.AppStore|iPhoneSimulator.ActiveCfg = AppStore|iPhoneSimulator
		{13FC4F81-CCA8-4880-9F18-F627F006509D}.AppStore|iPhoneSimulator.Build.0 = AppStore|iPhoneSimulator
		{13FC4F81-CCA8-4880-9F18-F627F006509D}.AppStore|iPhoneSimulator.Deploy.0 = AppStore|iPhoneSimulator
		{13FC4F81-CCA8-4880-9F18-F627F006509D}.Debug|Any CPU.ActiveCfg = Debug|iPhoneSimulator
		{13FC4F81-CCA8-4880-9F18-F627F006509D}.Debug|Any CPU.Build.0 = Debug|iPhoneSimulator
		{13FC4F81-CCA8-4880-9F18-F627F006509D}.Debug|Any CPU.Deploy.0 = Debug|iPhoneSimulator
		{13FC4F81-CCA8-4880-9F18-F627F006509D}.Debug|iPhone.ActiveCfg = Debug|iPhone
		{13FC4F81-CCA8-4880-9F18-F627F006509D}.Debug|iPhone.Build.0 = Debug|iPhone
		{13FC4F81-CCA8-4880-9F18-F627F006509D}.Debug|iPhone.Deploy.0 = Debug|iPhone
		{13FC4F81-CCA8-4880-9F18-F627F006509D}.Debug|iPhoneSimulator.ActiveCfg = Debug|iPhoneSimulator
		{13FC4F81-CCA8-4880-9F18-F627F006509D}.Debug|iPhoneSimulator.Build.0 = Debug|iPhoneSimulator
		{13FC4F81-CCA8-4880-9F18-F627F006509D}.Debug|iPhoneSimulator.Deploy.0 = Debug|iPhoneSimulator
		{13FC4F81-CCA8-4880-9F18-F627F006509D}.Release|Any CPU.ActiveCfg = Release|iPhone
		{13FC4F81-CCA8-4880-9F18-F627F006509D}.Release|Any CPU.Build.0 = Release|iPhone
		{13FC4F81-CCA8-4880-9F18-F627F006509D}.Release|Any CPU.Deploy.0 = Release|iPhone
		{13FC4F81-CCA8-4880-9F18-F627F006509D}.Release|iPhone.ActiveCfg = Release|iPhone
		{13FC4F81-CCA8-4880-9F18-F627F006509D}.Release|iPhone.Build.0 = Release|iPhone
		{13FC4F81-CCA8-4880-9F18-F627F006509D}.Release|iPhone.Deploy.0 = Release|iPhone
		{13FC4F81-CCA8-4880-9F18-F627F006509D}.Release|iPhoneSimulator.ActiveCfg = Release|iPhoneSimulator
		{13FC4F81-CCA8-4880-9F18-F627F006509D}.Release|iPhoneSimulator.Build.0 = Release|iPhoneSimulator
		{13FC4F81-CCA8-4880-9F18-F627F006509D}.Release|iPhoneSimulator.Deploy.0 = Release|iPhoneSimulator
		{234B5CBB-7066-4AB4-AA34-2B2A4189C030}.Ad-Hoc|Any CPU.ActiveCfg = Debug|Any CPU
		{234B5CBB-7066-4AB4-AA34-2B2A4189C030}.Ad-Hoc|Any CPU.Build.0 = Debug|Any CPU
		{234B5CBB-7066-4AB4-AA34-2B2A4189C030}.Ad-Hoc|Any CPU.Deploy.0 = Debug|Any CPU
		{234B5CBB-7066-4AB4-AA34-2B2A4189C030}.Ad-Hoc|iPhone.ActiveCfg = Debug|Any CPU
		{234B5CBB-7066-4AB4-AA34-2B2A4189C030}.Ad-Hoc|iPhone.Build.0 = Debug|Any CPU
		{234B5CBB-7066-4AB4-AA34-2B2A4189C030}.Ad-Hoc|iPhone.Deploy.0 = Debug|Any CPU
		{234B5CBB-7066-4AB4-AA34-2B2A4189C030}.Ad-Hoc|iPhoneSimulator.ActiveCfg = Debug|Any CPU
		{234B5CBB-7066-4AB4-AA34-2B2A4189C030}.Ad-Hoc|iPhoneSimulator.Build.0 = Debug|Any CPU
		{234B5CBB-7066-4AB4-AA34-2B2A4189C030}.Ad-Hoc|iPhoneSimulator.Deploy.0 = Debug|Any CPU
		{234B5CBB-7066-4AB4-AA34-2B2A4189C030}.AppStore|Any CPU.ActiveCfg = Debug|Any CPU
		{234B5CBB-7066-4AB4-AA34-2B2A4189C030}.AppStore|Any CPU.Build.0 = Debug|Any CPU
		{234B5CBB-7066-4AB4-AA34-2B2A4189C030}.AppStore|Any CPU.Deploy.0 = Debug|Any CPU
		{234B5CBB-7066-4AB4-AA34-2B2A4189C030}.AppStore|iPhone.ActiveCfg = Debug|Any CPU
		{234B5CBB-7066-4AB4-AA34-2B2A4189C030}.AppStore|iPhone.Build.0 = Debug|Any CPU
		{234B5CBB-7066-4AB4-AA34-2B2A4189C030}.AppStore|iPhone.Deploy.0 = Debug|Any CPU
		{234B5CBB-7066-4AB4-AA34-2B2A4189C030}.AppStore|iPhoneSimulator.ActiveCfg = Debug|Any CPU
		{234B5CBB-7066-4AB4-AA34-2B2A4189C030}.AppStore|iPhoneSimulator.Build.0 = Debug|Any CPU
		{234B5CBB-7066-4AB4-AA34-2B2A4189C030}.AppStore|iPhoneSimulator.Deploy.0 = Debug|Any CPU
		{234B5CBB-7066-4AB4-AA34-2B2A4189C030}.Debug|Any CPU.ActiveCfg = Debug|Any CPU
		{234B5CBB-7066-4AB4-AA34-2B2A4189C030}.Debug|Any CPU.Build.0 = Debug|Any CPU
		{234B5CBB-7066-4AB4-AA34-2B2A4189C030}.Debug|Any CPU.Deploy.0 = Debug|Any CPU
		{234B5CBB-7066-4AB4-AA34-2B2A4189C030}.Debug|iPhone.ActiveCfg = Debug|Any CPU
		{234B5CBB-7066-4AB4-AA34-2B2A4189C030}.Debug|iPhone.Build.0 = Debug|Any CPU
		{234B5CBB-7066-4AB4-AA34-2B2A4189C030}.Debug|iPhone.Deploy.0 = Debug|Any CPU
		{234B5CBB-7066-4AB4-AA34-2B2A4189C030}.Debug|iPhoneSimulator.ActiveCfg = Debug|Any CPU
		{234B5CBB-7066-4AB4-AA34-2B2A4189C030}.Debug|iPhoneSimulator.Build.0 = Debug|Any CPU
		{234B5CBB-7066-4AB4-AA34-2B2A4189C030}.Debug|iPhoneSimulator.Deploy.0 = Debug|Any CPU
		{234B5CBB-7066-4AB4-AA34-2B2A4189C030}.Release|Any CPU.ActiveCfg = Release|Any CPU
		{234B5CBB-7066-4AB4-AA34-2B2A4189C030}.Release|Any CPU.Build.0 = Release|Any CPU
		{234B5CBB-7066-4AB4-AA34-2B2A4189C030}.Release|Any CPU.Deploy.0 = Release|Any CPU
		{234B5CBB-7066-4AB4-AA34-2B2A4189C030}.Release|iPhone.ActiveCfg = Release|Any CPU
		{234B5CBB-7066-4AB4-AA34-2B2A4189C030}.Release|iPhone.Build.0 = Release|Any CPU
		{234B5CBB-7066-4AB4-AA34-2B2A4189C030}.Release|iPhone.Deploy.0 = Release|Any CPU
		{234B5CBB-7066-4AB4-AA34-2B2A4189C030}.Release|iPhoneSimulator.ActiveCfg = Release|Any CPU
		{234B5CBB-7066-4AB4-AA34-2B2A4189C030}.Release|iPhoneSimulator.Build.0 = Release|Any CPU
		{234B5CBB-7066-4AB4-AA34-2B2A4189C030}.Release|iPhoneSimulator.Deploy.0 = Release|Any CPU
	EndGlobalSection
	GlobalSection(SolutionProperties) = preSolution
		HideSolutionNode = FALSE
	EndGlobalSection
	GlobalSection(ExtensibilityGlobals) = postSolution
		SolutionGuid = {E8B9AD81-6A2F-464B-8225-E34A1F0D7FC5}
	EndGlobalSection
EndGlobal
